
Microsoft Visual Studio Solution File, Format Version 12.00
# Visual Studio 15
VisualStudioVersion = 15.0.28307.1000
MinimumVisualStudioVersion = 10.0.40219.1
Project("{FAE04EC0-301F-11D3-BF4B-00C04F79EFBC}") = "GroupedCVTest.Android", "GroupedCVTest\GroupedCVTest.Android\GroupedCVTest.Android.csproj", "{24CE3C36-16B9-426D-AA0C-5961ECF8D88C}"
EndProject
Project("{FAE04EC0-301F-11D3-BF4B-00C04F79EFBC}") = "GroupedCVTest.iOS", "GroupedCVTest\GroupedCVTest.iOS\GroupedCVTest.iOS.csproj", "{DEFB4CAB-8094-4199-9924-F46BB135D03B}"
EndProject
Project("{FAE04EC0-301F-11D3-BF4B-00C04F79EFBC}") = "GroupedCVTest.UWP", "GroupedCVTest\GroupedCVTest.UWP\GroupedCVTest.UWP.csproj", "{878F68BA-7960-4D47-BCAD-07E8D6A06727}"
EndProject
Project("{FAE04EC0-301F-11D3-BF4B-00C04F79EFBC}") = "GroupedCVTest", "GroupedCVTest\GroupedCVTest\GroupedCVTest.csproj", "{E1126EEC-18AA-4B5F-AC0C-E6DE39D16FD9}"
EndProject
Global
	GlobalSection(SolutionConfigurationPlatforms) = preSolution
		Debug|Any CPU = Debug|Any CPU
		Debug|ARM = Debug|ARM
		Debug|iPhone = Debug|iPhone
		Debug|iPhoneSimulator = Debug|iPhoneSimulator
		Debug|x64 = Debug|x64
		Debug|x86 = Debug|x86
		Release|Any CPU = Release|Any CPU
		Release|ARM = Release|ARM
		Release|iPhone = Release|iPhone
		Release|iPhoneSimulator = Release|iPhoneSimulator
		Release|x64 = Release|x64
		Release|x86 = Release|x86
	EndGlobalSection
	GlobalSection(ProjectConfigurationPlatforms) = postSolution
		{24CE3C36-16B9-426D-AA0C-5961ECF8D88C}.Debug|Any CPU.ActiveCfg = Debug|Any CPU
		{24CE3C36-16B9-426D-AA0C-5961ECF8D88C}.Debug|Any CPU.Build.0 = Debug|Any CPU
		{24CE3C36-16B9-426D-AA0C-5961ECF8D88C}.Debug|Any CPU.Deploy.0 = Debug|Any CPU
		{24CE3C36-16B9-426D-AA0C-5961ECF8D88C}.Debug|ARM.ActiveCfg = Debug|Any CPU
		{24CE3C36-16B9-426D-AA0C-5961ECF8D88C}.Debug|ARM.Build.0 = Debug|Any CPU
		{24CE3C36-16B9-426D-AA0C-5961ECF8D88C}.Debug|ARM.Deploy.0 = Debug|Any CPU
		{24CE3C36-16B9-426D-AA0C-5961ECF8D88C}.Debug|iPhone.ActiveCfg = Debug|Any CPU
		{24CE3C36-16B9-426D-AA0C-5961ECF8D88C}.Debug|iPhone.Build.0 = Debug|Any CPU
		{24CE3C36-16B9-426D-AA0C-5961ECF8D88C}.Debug|iPhone.Deploy.0 = Debug|Any CPU
		{24CE3C36-16B9-426D-AA0C-5961ECF8D88C}.Debug|iPhoneSimulator.ActiveCfg = Debug|Any CPU
		{24CE3C36-16B9-426D-AA0C-5961ECF8D88C}.Debug|iPhoneSimulator.Build.0 = Debug|Any CPU
		{24CE3C36-16B9-426D-AA0C-5961ECF8D88C}.Debug|iPhoneSimulator.Deploy.0 = Debug|Any CPU
		{24CE3C36-16B9-426D-AA0C-5961ECF8D88C}.Debug|x64.ActiveCfg = Debug|Any CPU
		{24CE3C36-16B9-426D-AA0C-5961ECF8D88C}.Debug|x64.Build.0 = Debug|Any CPU
		{24CE3C36-16B9-426D-AA0C-5961ECF8D88C}.Debug|x64.Deploy.0 = Debug|Any CPU
		{24CE3C36-16B9-426D-AA0C-5961ECF8D88C}.Debug|x86.ActiveCfg = Debug|Any CPU
		{24CE3C36-16B9-426D-AA0C-5961ECF8D88C}.Debug|x86.Build.0 = Debug|Any CPU
		{24CE3C36-16B9-426D-AA0C-5961ECF8D88C}.Debug|x86.Deploy.0 = Debug|Any CPU
		{24CE3C36-16B9-426D-AA0C-5961ECF8D88C}.Release|Any CPU.ActiveCfg = Release|Any CPU
		{24CE3C36-16B9-426D-AA0C-5961ECF8D88C}.Release|Any CPU.Build.0 = Release|Any CPU
		{24CE3C36-16B9-426D-AA0C-5961ECF8D88C}.Release|Any CPU.Deploy.0 = Release|Any CPU
		{24CE3C36-16B9-426D-AA0C-5961ECF8D88C}.Release|ARM.ActiveCfg = Release|Any CPU
		{24CE3C36-16B9-426D-AA0C-5961ECF8D88C}.Release|ARM.Build.0 = Release|Any CPU
		{24CE3C36-16B9-426D-AA0C-5961ECF8D88C}.Release|ARM.Deploy.0 = Release|Any CPU
		{24CE3C36-16B9-426D-AA0C-5961ECF8D88C}.Release|iPhone.ActiveCfg = Release|Any CPU
		{24CE3C36-16B9-426D-AA0C-5961ECF8D88C}.Release|iPhone.Build.0 = Release|Any CPU
		{24CE3C36-16B9-426D-AA0C-5961ECF8D88C}.Release|iPhone.Deploy.0 = Release|Any CPU
		{24CE3C36-16B9-426D-AA0C-5961ECF8D88C}.Release|iPhoneSimulator.ActiveCfg = Release|Any CPU
		{24CE3C36-16B9-426D-AA0C-5961ECF8D88C}.Release|iPhoneSimulator.Build.0 = Release|Any CPU
		{24CE3C36-16B9-426D-AA0C-5961ECF8D88C}.Release|iPhoneSimulator.Deploy.0 = Release|Any CPU
		{24CE3C36-16B9-426D-AA0C-5961ECF8D88C}.Release|x64.ActiveCfg = Release|Any CPU
		{24CE3C36-16B9-426D-AA0C-5961ECF8D88C}.Release|x64.Build.0 = Release|Any CPU
		{24CE3C36-16B9-426D-AA0C-5961ECF8D88C}.Release|x64.Deploy.0 = Release|Any CPU
		{24CE3C36-16B9-426D-AA0C-5961ECF8D88C}.Release|x86.ActiveCfg = Release|Any CPU
		{24CE3C36-16B9-426D-AA0C-5961ECF8D88C}.Release|x86.Build.0 = Release|Any CPU
		{24CE3C36-16B9-426D-AA0C-5961ECF8D88C}.Release|x86.Deploy.0 = Release|Any CPU
		{DEFB4CAB-8094-4199-9924-F46BB135D03B}.Debug|Any CPU.ActiveCfg = Debug|iPhoneSimulator
		{DEFB4CAB-8094-4199-9924-F46BB135D03B}.Debug|Any CPU.Build.0 = Debug|iPhoneSimulator
		{DEFB4CAB-8094-4199-9924-F46BB135D03B}.Debug|Any CPU.Deploy.0 = Debug|iPhoneSimulator
		{DEFB4CAB-8094-4199-9924-F46BB135D03B}.Debug|ARM.ActiveCfg = Debug|iPhone
		{DEFB4CAB-8094-4199-9924-F46BB135D03B}.Debug|ARM.Build.0 = Debug|iPhone
		{DEFB4CAB-8094-4199-9924-F46BB135D03B}.Debug|ARM.Deploy.0 = Debug|iPhone
		{DEFB4CAB-8094-4199-9924-F46BB135D03B}.Debug|iPhone.ActiveCfg = Debug|iPhone
		{DEFB4CAB-8094-4199-9924-F46BB135D03B}.Debug|iPhone.Build.0 = Debug|iPhone
		{DEFB4CAB-8094-4199-9924-F46BB135D03B}.Debug|iPhone.Deploy.0 = Debug|iPhone
		{DEFB4CAB-8094-4199-9924-F46BB135D03B}.Debug|iPhoneSimulator.ActiveCfg = Debug|iPhoneSimulator
		{DEFB4CAB-8094-4199-9924-F46BB135D03B}.Debug|iPhoneSimulator.Build.0 = Debug|iPhoneSimulator
		{DEFB4CAB-8094-4199-9924-F46BB135D03B}.Debug|iPhoneSimulator.Deploy.0 = Debug|iPhoneSimulator
		{DEFB4CAB-8094-4199-9924-F46BB135D03B}.Debug|x64.ActiveCfg = Debug|iPhone
		{DEFB4CAB-8094-4199-9924-F46BB135D03B}.Debug|x64.Build.0 = Debug|iPhone
		{DEFB4CAB-8094-4199-9924-F46BB135D03B}.Debug|x64.Deploy.0 = Debug|iPhone
		{DEFB4CAB-8094-4199-9924-F46BB135D03B}.Debug|x86.ActiveCfg = Debug|iPhone
		{DEFB4CAB-8094-4199-9924-F46BB135D03B}.Debug|x86.Build.0 = Debug|iPhone
		{DEFB4CAB-8094-4199-9924-F46BB135D03B}.Debug|x86.Deploy.0 = Debug|iPhone
		{DEFB4CAB-8094-4199-9924-F46BB135D03B}.Release|Any CPU.ActiveCfg = Release|iPhone
		{DEFB4CAB-8094-4199-9924-F46BB135D03B}.Release|Any CPU.Build.0 = Release|iPhone
		{DEFB4CAB-8094-4199-9924-F46BB135D03B}.Release|Any CPU.Deploy.0 = Release|iPhone
		{DEFB4CAB-8094-4199-9924-F46BB135D03B}.Release|ARM.ActiveCfg = Release|iPhone
		{DEFB4CAB-8094-4199-9924-F46BB135D03B}.Release|ARM.Build.0 = Release|iPhone
		{DEFB4CAB-8094-4199-9924-F46BB135D03B}.Release|ARM.Deploy.0 = Release|iPhone
		{DEFB4CAB-8094-4199-9924-F46BB135D03B}.Release|iPhone.ActiveCfg = Release|iPhone
		{DEFB4CAB-8094-4199-9924-F46BB135D03B}.Release|iPhone.Build.0 = Release|iPhone
		{DEFB4CAB-8094-4199-9924-F46BB135D03B}.Release|iPhone.Deploy.0 = Release|iPhone
		{DEFB4CAB-8094-4199-9924-F46BB135D03B}.Release|iPhoneSimulator.ActiveCfg = Release|iPhoneSimulator
		{DEFB4CAB-8094-4199-9924-F46BB135D03B}.Release|iPhoneSimulator.Build.0 = Release|iPhoneSimulator
		{DEFB4CAB-8094-4199-9924-F46BB135D03B}.Release|iPhoneSimulator.Deploy.0 = Release|iPhoneSimulator
		{DEFB4CAB-8094-4199-9924-F46BB135D03B}.Release|x64.ActiveCfg = Release|iPhone
		{DEFB4CAB-8094-4199-9924-F46BB135D03B}.Release|x64.Build.0 = Release|iPhone
		{DEFB4CAB-8094-4199-9924-F46BB135D03B}.Release|x64.Deploy.0 = Release|iPhone
		{DEFB4CAB-8094-4199-9924-F46BB135D03B}.Release|x86.ActiveCfg = Release|iPhone
		{DEFB4CAB-8094-4199-9924-F46BB135D03B}.Release|x86.Build.0 = Release|iPhone
		{DEFB4CAB-8094-4199-9924-F46BB135D03B}.Release|x86.Deploy.0 = Release|iPhone
		{878F68BA-7960-4D47-BCAD-07E8D6A06727}.Debug|Any CPU.ActiveCfg = Debug|x86
		{878F68BA-7960-4D47-BCAD-07E8D6A06727}.Debug|Any CPU.Build.0 = Debug|x86
		{878F68BA-7960-4D47-BCAD-07E8D6A06727}.Debug|Any CPU.Deploy.0 = Debug|x86
		{878F68BA-7960-4D47-BCAD-07E8D6A06727}.Debug|ARM.ActiveCfg = Debug|ARM
		{878F68BA-7960-4D47-BCAD-07E8D6A06727}.Debug|ARM.Build.0 = Debug|ARM
		{878F68BA-7960-4D47-BCAD-07E8D6A06727}.Debug|ARM.Deploy.0 = Debug|ARM
		{878F68BA-7960-4D47-BCAD-07E8D6A06727}.Debug|iPhone.ActiveCfg = Debug|x86
		{878F68BA-7960-4D47-BCAD-07E8D6A06727}.Debug|iPhone.Build.0 = Debug|x86
		{878F68BA-7960-4D47-BCAD-07E8D6A06727}.Debug|iPhone.Deploy.0 = Debug|x86
		{878F68BA-7960-4D47-BCAD-07E8D6A06727}.Debug|iPhoneSimulator.ActiveCfg = Debug|x86
		{878F68BA-7960-4D47-BCAD-07E8D6A06727}.Debug|iPhoneSimulator.Build.0 = Debug|x86
		{878F68BA-7960-4D47-BCAD-07E8D6A06727}.Debug|iPhoneSimulator.Deploy.0 = Debug|x86
		{878F68BA-7960-4D47-BCAD-07E8D6A06727}.Debug|x64.ActiveCfg = Debug|x64
		{878F68BA-7960-4D47-BCAD-07E8D6A06727}.Debug|x64.Build.0 = Debug|x64
		{878F68BA-7960-4D47-BCAD-07E8D6A06727}.Debug|x64.Deploy.0 = Debug|x64
		{878F68BA-7960-4D47-BCAD-07E8D6A06727}.Debug|x86.ActiveCfg = Debug|x86
		{878F68BA-7960-4D47-BCAD-07E8D6A06727}.Debug|x86.Build.0 = Debug|x86
		{878F68BA-7960-4D47-BCAD-07E8D6A06727}.Debug|x86.Deploy.0 = Debug|x86
		{878F68BA-7960-4D47-BCAD-07E8D6A06727}.Release|Any CPU.ActiveCfg = Release|x86
		{878F68BA-7960-4D47-BCAD-07E8D6A06727}.Release|Any CPU.Build.0 = Release|x86
		{878F68BA-7960-4D47-BCAD-07E8D6A06727}.Release|Any CPU.Deploy.0 = Release|x86
		{878F68BA-7960-4D47-BCAD-07E8D6A06727}.Release|ARM.ActiveCfg = Release|ARM
		{878F68BA-7960-4D47-BCAD-07E8D6A06727}.Release|ARM.Build.0 = Release|ARM
		{878F68BA-7960-4D47-BCAD-07E8D6A06727}.Release|ARM.Deploy.0 = Release|ARM
		{878F68BA-7960-4D47-BCAD-07E8D6A06727}.Release|iPhone.ActiveCfg = Release|x86
		{878F68BA-7960-4D47-BCAD-07E8D6A06727}.Release|iPhone.Build.0 = Release|x86
		{878F68BA-7960-4D47-BCAD-07E8D6A06727}.Release|iPhone.Deploy.0 = Release|x86
		{878F68BA-7960-4D47-BCAD-07E8D6A06727}.Release|iPhoneSimulator.ActiveCfg = Release|x86
		{878F68BA-7960-4D47-BCAD-07E8D6A06727}.Release|iPhoneSimulator.Build.0 = Release|x86
		{878F68BA-7960-4D47-BCAD-07E8D6A06727}.Release|iPhoneSimulator.Deploy.0 = Release|x86
		{878F68BA-7960-4D47-BCAD-07E8D6A06727}.Release|x64.ActiveCfg = Release|x64
		{878F68BA-7960-4D47-BCAD-07E8D6A06727}.Release|x64.Build.0 = Release|x64
		{878F68BA-7960-4D47-BCAD-07E8D6A06727}.Release|x64.Deploy.0 = Release|x64
		{878F68BA-7960-4D47-BCAD-07E8D6A06727}.Release|x86.ActiveCfg = Release|x86
		{878F68BA-7960-4D47-BCAD-07E8D6A06727}.Release|x86.Build.0 = Release|x86
		{878F68BA-7960-4D47-BCAD-07E8D6A06727}.Release|x86.Deploy.0 = Release|x86
		{E1126EEC-18AA-4B5F-AC0C-E6DE39D16FD9}.Debug|Any CPU.ActiveCfg = Debug|Any CPU
		{E1126EEC-18AA-4B5F-AC0C-E6DE39D16FD9}.Debug|Any CPU.Build.0 = Debug|Any CPU
		{E1126EEC-18AA-4B5F-AC0C-E6DE39D16FD9}.Debug|Any CPU.Deploy.0 = Debug|Any CPU
		{E1126EEC-18AA-4B5F-AC0C-E6DE39D16FD9}.Debug|ARM.ActiveCfg = Debug|Any CPU
		{E1126EEC-18AA-4B5F-AC0C-E6DE39D16FD9}.Debug|ARM.Build.0 = Debug|Any CPU
		{E1126EEC-18AA-4B5F-AC0C-E6DE39D16FD9}.Debug|ARM.Deploy.0 = Debug|Any CPU
		{E1126EEC-18AA-4B5F-AC0C-E6DE39D16FD9}.Debug|iPhone.ActiveCfg = Debug|Any CPU
		{E1126EEC-18AA-4B5F-AC0C-E6DE39D16FD9}.Debug|iPhone.Build.0 = Debug|Any CPU
		{E1126EEC-18AA-4B5F-AC0C-E6DE39D16FD9}.Debug|iPhone.Deploy.0 = Debug|Any CPU
		{E1126EEC-18AA-4B5F-AC0C-E6DE39D16FD9}.Debug|iPhoneSimulator.ActiveCfg = Debug|Any CPU
		{E1126EEC-18AA-4B5F-AC0C-E6DE39D16FD9}.Debug|iPhoneSimulator.Build.0 = Debug|Any CPU
		{E1126EEC-18AA-4B5F-AC0C-E6DE39D16FD9}.Debug|iPhoneSimulator.Deploy.0 = Debug|Any CPU
		{E1126EEC-18AA-4B5F-AC0C-E6DE39D16FD9}.Debug|x64.ActiveCfg = Debug|Any CPU
		{E1126EEC-18AA-4B5F-AC0C-E6DE39D16FD9}.Debug|x64.Build.0 = Debug|Any CPU
		{E1126EEC-18AA-4B5F-AC0C-E6DE39D16FD9}.Debug|x64.Deploy.0 = Debug|Any CPU
		{E1126EEC-18AA-4B5F-AC0C-E6DE39D16FD9}.Debug|x86.ActiveCfg = Debug|Any CPU
		{E1126EEC-18AA-4B5F-AC0C-E6DE39D16FD9}.Debug|x86.Build.0 = Debug|Any CPU
		{E1126EEC-18AA-4B5F-AC0C-E6DE39D16FD9}.Debug|x86.Deploy.0 = Debug|Any CPU
		{E1126EEC-18AA-4B5F-AC0C-E6DE39D16FD9}.Release|Any CPU.ActiveCfg = Release|Any CPU
		{E1126EEC-18AA-4B5F-AC0C-E6DE39D16FD9}.Release|Any CPU.Build.0 = Release|Any CPU
		{E1126EEC-18AA-4B5F-AC0C-E6DE39D16FD9}.Release|Any CPU.Deploy.0 = Release|Any CPU
		{E1126EEC-18AA-4B5F-AC0C-E6DE39D16FD9}.Release|ARM.ActiveCfg = Release|Any CPU
		{E1126EEC-18AA-4B5F-AC0C-E6DE39D16FD9}.Release|ARM.Build.0 = Release|Any CPU
		{E1126EEC-18AA-4B5F-AC0C-E6DE39D16FD9}.Release|ARM.Deploy.0 = Release|Any CPU
		{E1126EEC-18AA-4B5F-AC0C-E6DE39D16FD9}.Release|iPhone.ActiveCfg = Release|Any CPU
		{E1126EEC-18AA-4B5F-AC0C-E6DE39D16FD9}.Release|iPhone.Build.0 = Release|Any CPU
		{E1126EEC-18AA-4B5F-AC0C-E6DE39D16FD9}.Release|iPhone.Deploy.0 = Release|Any CPU
		{E1126EEC-18AA-4B5F-AC0C-E6DE39D16FD9}.Release|iPhoneSimulator.ActiveCfg = Release|Any CPU
		{E1126EEC-18AA-4B5F-AC0C-E6DE39D16FD9}.Release|iPhoneSimulator.Build.0 = Release|Any CPU
		{E1126EEC-18AA-4B5F-AC0C-E6DE39D16FD9}.Release|iPhoneSimulator.Deploy.0 = Release|Any CPU
		{E1126EEC-18AA-4B5F-AC0C-E6DE39D16FD9}.Release|x64.ActiveCfg = Release|Any CPU
		{E1126EEC-18AA-4B5F-AC0C-E6DE39D16FD9}.Release|x64.Build.0 = Release|Any CPU
		{E1126EEC-18AA-4B5F-AC0C-E6DE39D16FD9}.Release|x64.Deploy.0 = Release|Any CPU
		{E1126EEC-18AA-4B5F-AC0C-E6DE39D16FD9}.Release|x86.ActiveCfg = Release|Any CPU
		{E1126EEC-18AA-4B5F-AC0C-E6DE39D16FD9}.Release|x86.Build.0 = Release|Any CPU
		{E1126EEC-18AA-4B5F-AC0C-E6DE39D16FD9}.Release|x86.Deploy.0 = Release|Any CPU
	EndGlobalSection
	GlobalSection(SolutionProperties) = preSolution
		HideSolutionNode = FALSE
	EndGlobalSection
	GlobalSection(ExtensibilityGlobals) = postSolution
		SolutionGuid = {4EC66808-9248-42C5-826F-B1503EFC7955}
	EndGlobalSection
EndGlobal
